
Microsoft Visual Studio Solution File, Format Version 12.00
# Visual Studio Version 16
VisualStudioVersion = 16.0.31005.135
MinimumVisualStudioVersion = 10.0.40219.1
Project("{FAE04EC0-301F-11D3-BF4B-00C04F79EFBC}") = "PF_TinyCRM", "PF_TinyCRM\PF_TinyCRM.csproj", "{36A63D00-8610-41E1-9EDE-E26D1A2A9F24}"
EndProject
Global
	GlobalSection(SolutionConfigurationPlatforms) = preSolution
		Debug|Any CPU = Debug|Any CPU
		Release|Any CPU = Release|Any CPU
	EndGlobalSection
	GlobalSection(ProjectConfigurationPlatforms) = postSolution
		{36A63D00-8610-41E1-9EDE-E26D1A2A9F24}.Debug|Any CPU.ActiveCfg = Debug|Any CPU
		{36A63D00-8610-41E1-9EDE-E26D1A2A9F24}.Debug|Any CPU.Build.0 = Debug|Any CPU
		{36A63D00-8610-41E1-9EDE-E26D1A2A9F24}.Release|Any CPU.ActiveCfg = Release|Any CPU
		{36A63D00-8610-41E1-9EDE-E26D1A2A9F24}.Release|Any CPU.Build.0 = Release|Any CPU
	EndGlobalSection
	GlobalSection(SolutionProperties) = preSolution
		HideSolutionNode = FALSE
	EndGlobalSection
	GlobalSection(ExtensibilityGlobals) = postSolution
		SolutionGuid = {86C0A9CA-FBB2-4B9E-A23C-0405F8BEB55F}
	EndGlobalSection
EndGlobal
